
Microsoft Visual Studio Solution File, Format Version 12.00
# Visual Studio Version 16
VisualStudioVersion = 16.0.30804.86
MinimumVisualStudioVersion = 10.0.40219.1
Project("{9A19103F-16F7-4668-BE54-9A1E7A4F7556}") = "Wonga.SendService", "Wonga.SendService.csproj", "{248A8129-B50F-4067-BFD1-AC6135196157}"
EndProject
Project("{FAE04EC0-301F-11D3-BF4B-00C04F79EFBC}") = "Wonga.Common", "..\Wonga.Common\Wonga.Common.csproj", "{ED3FDA31-E050-4120-920B-8A71160CB68F}"
EndProject
Project("{2150E333-8FDC-42A3-9474-1A3956D46DE8}") = "Wonga.SendMicroservice", "Wonga.SendMicroservice", "{172B9C38-D5BB-4BFA-B968-018C6A1F0F92}"
EndProject
Project("{2150E333-8FDC-42A3-9474-1A3956D46DE8}") = "Adapters", "Adapters", "{23E304D0-81B9-45B4-BDD3-FE01D277717D}"
EndProject
Project("{2150E333-8FDC-42A3-9474-1A3956D46DE8}") = "Contracts", "Contracts", "{D2B859D0-D622-46C1-8BFB-6EEDFA48FBAA}"
EndProject
Project("{2150E333-8FDC-42A3-9474-1A3956D46DE8}") = "Orchestrations", "Orchestrations", "{BC7093B7-0216-4B98-BC99-802BCE5D55BF}"
EndProject
Project("{FAE04EC0-301F-11D3-BF4B-00C04F79EFBC}") = "Wonga.SendMessage.Contracts", "..\Wonga.SendMessage.Contracts\Wonga.SendMessage.Contracts.csproj", "{250AAAD6-B610-4B0F-B73E-7A917993178C}"
EndProject
Project("{FAE04EC0-301F-11D3-BF4B-00C04F79EFBC}") = "Wonga.SendMessage.Adapters.Contracts", "..\Wonga.SendMessage.Adapters.Contracts\Wonga.SendMessage.Adapters.Contracts.csproj", "{85B25937-AF8F-450C-804B-AD46E43A009A}"
EndProject
Project("{FAE04EC0-301F-11D3-BF4B-00C04F79EFBC}") = "Wonga.SendMessage.Adapters", "..\Wonga.SendMessage.Adapters\Wonga.SendMessage.Adapters.csproj", "{151CB39B-4BDD-4C95-B0F1-12CDA8C737B2}"
EndProject
Project("{FAE04EC0-301F-11D3-BF4B-00C04F79EFBC}") = "Wonga.SendMessage.Orchestrations.Contracts", "..\Wonga.SendMessage.Orchestrations.Contracts\Wonga.SendMessage.Orchestrations.Contracts.csproj", "{21982C65-7FC8-4BF7-89F2-F0C14CDE6DD5}"
EndProject
Project("{FAE04EC0-301F-11D3-BF4B-00C04F79EFBC}") = "Wonga.SendMessage.Orchestrations", "..\Wonga.SendMessage.Orchestrations\Wonga.SendMessage.Orchestrations.csproj", "{53DF8C61-A26F-4E33-A1B8-D4C7B0989DF3}"
EndProject
Global
	GlobalSection(SolutionConfigurationPlatforms) = preSolution
		Debug|Any CPU = Debug|Any CPU
		Release|Any CPU = Release|Any CPU
	EndGlobalSection
	GlobalSection(ProjectConfigurationPlatforms) = postSolution
		{248A8129-B50F-4067-BFD1-AC6135196157}.Debug|Any CPU.ActiveCfg = Debug|Any CPU
		{248A8129-B50F-4067-BFD1-AC6135196157}.Debug|Any CPU.Build.0 = Debug|Any CPU
		{248A8129-B50F-4067-BFD1-AC6135196157}.Release|Any CPU.ActiveCfg = Release|Any CPU
		{248A8129-B50F-4067-BFD1-AC6135196157}.Release|Any CPU.Build.0 = Release|Any CPU
		{ED3FDA31-E050-4120-920B-8A71160CB68F}.Debug|Any CPU.ActiveCfg = Debug|Any CPU
		{ED3FDA31-E050-4120-920B-8A71160CB68F}.Debug|Any CPU.Build.0 = Debug|Any CPU
		{ED3FDA31-E050-4120-920B-8A71160CB68F}.Release|Any CPU.ActiveCfg = Release|Any CPU
		{ED3FDA31-E050-4120-920B-8A71160CB68F}.Release|Any CPU.Build.0 = Release|Any CPU
		{250AAAD6-B610-4B0F-B73E-7A917993178C}.Debug|Any CPU.ActiveCfg = Debug|Any CPU
		{250AAAD6-B610-4B0F-B73E-7A917993178C}.Debug|Any CPU.Build.0 = Debug|Any CPU
		{250AAAD6-B610-4B0F-B73E-7A917993178C}.Release|Any CPU.ActiveCfg = Release|Any CPU
		{250AAAD6-B610-4B0F-B73E-7A917993178C}.Release|Any CPU.Build.0 = Release|Any CPU
		{85B25937-AF8F-450C-804B-AD46E43A009A}.Debug|Any CPU.ActiveCfg = Debug|Any CPU
		{85B25937-AF8F-450C-804B-AD46E43A009A}.Debug|Any CPU.Build.0 = Debug|Any CPU
		{85B25937-AF8F-450C-804B-AD46E43A009A}.Release|Any CPU.ActiveCfg = Release|Any CPU
		{85B25937-AF8F-450C-804B-AD46E43A009A}.Release|Any CPU.Build.0 = Release|Any CPU
		{151CB39B-4BDD-4C95-B0F1-12CDA8C737B2}.Debug|Any CPU.ActiveCfg = Debug|Any CPU
		{151CB39B-4BDD-4C95-B0F1-12CDA8C737B2}.Debug|Any CPU.Build.0 = Debug|Any CPU
		{151CB39B-4BDD-4C95-B0F1-12CDA8C737B2}.Release|Any CPU.ActiveCfg = Release|Any CPU
		{151CB39B-4BDD-4C95-B0F1-12CDA8C737B2}.Release|Any CPU.Build.0 = Release|Any CPU
		{21982C65-7FC8-4BF7-89F2-F0C14CDE6DD5}.Debug|Any CPU.ActiveCfg = Debug|Any CPU
		{21982C65-7FC8-4BF7-89F2-F0C14CDE6DD5}.Debug|Any CPU.Build.0 = Debug|Any CPU
		{21982C65-7FC8-4BF7-89F2-F0C14CDE6DD5}.Release|Any CPU.ActiveCfg = Release|Any CPU
		{21982C65-7FC8-4BF7-89F2-F0C14CDE6DD5}.Release|Any CPU.Build.0 = Release|Any CPU
		{53DF8C61-A26F-4E33-A1B8-D4C7B0989DF3}.Debug|Any CPU.ActiveCfg = Debug|Any CPU
		{53DF8C61-A26F-4E33-A1B8-D4C7B0989DF3}.Debug|Any CPU.Build.0 = Debug|Any CPU
		{53DF8C61-A26F-4E33-A1B8-D4C7B0989DF3}.Release|Any CPU.ActiveCfg = Release|Any CPU
		{53DF8C61-A26F-4E33-A1B8-D4C7B0989DF3}.Release|Any CPU.Build.0 = Release|Any CPU
	EndGlobalSection
	GlobalSection(SolutionProperties) = preSolution
		HideSolutionNode = FALSE
	EndGlobalSection
	GlobalSection(NestedProjects) = preSolution
		{248A8129-B50F-4067-BFD1-AC6135196157} = {172B9C38-D5BB-4BFA-B968-018C6A1F0F92}
		{23E304D0-81B9-45B4-BDD3-FE01D277717D} = {172B9C38-D5BB-4BFA-B968-018C6A1F0F92}
		{D2B859D0-D622-46C1-8BFB-6EEDFA48FBAA} = {172B9C38-D5BB-4BFA-B968-018C6A1F0F92}
		{BC7093B7-0216-4B98-BC99-802BCE5D55BF} = {172B9C38-D5BB-4BFA-B968-018C6A1F0F92}
		{250AAAD6-B610-4B0F-B73E-7A917993178C} = {D2B859D0-D622-46C1-8BFB-6EEDFA48FBAA}
		{85B25937-AF8F-450C-804B-AD46E43A009A} = {23E304D0-81B9-45B4-BDD3-FE01D277717D}
		{151CB39B-4BDD-4C95-B0F1-12CDA8C737B2} = {23E304D0-81B9-45B4-BDD3-FE01D277717D}
		{21982C65-7FC8-4BF7-89F2-F0C14CDE6DD5} = {BC7093B7-0216-4B98-BC99-802BCE5D55BF}
		{53DF8C61-A26F-4E33-A1B8-D4C7B0989DF3} = {BC7093B7-0216-4B98-BC99-802BCE5D55BF}
	EndGlobalSection
	GlobalSection(ExtensibilityGlobals) = postSolution
		SolutionGuid = {106DA110-9513-4528-815C-2209C7DC5EC5}
	EndGlobalSection
EndGlobal
